# This file is automatically @generated by Poetry 2.1.1 and should not be changed by hand.

[[package]]
name = "colorama"
version = "0.4.6"
description = "Cross-platform colored terminal text."
optional = false
python-versions = "!=3.0.*,!=3.1.*,!=3.2.*,!=3.3.*,!=3.4.*,!=3.5.*,!=3.6.*,>=2.7"
groups = ["dev"]
markers = "sys_platform == \"win32\""
files = [
    {file = "colorama-0.4.6-py2.py3-none-any.whl", hash = "sha256:4f1d9991f5acc0ca119f9d443620b77f9d6b33703e51011c16baf57afb285fc6"},
    {file = "colorama-0.4.6.tar.gz", hash = "sha256:08695f5cb7ed6e0531a20572697297273c47b8cae5a63ffc6d6ed5c201be6e44"},
]

[[package]]
name = "coverage"
version = "7.6.12"
description = "Code coverage measurement for Python"
optional = false
python-versions = ">=3.9"
groups = ["dev"]
files = [
    {file = "coverage-7.6.12-cp310-cp310-macosx_10_9_x86_64.whl", hash = "sha256:704c8c8c6ce6569286ae9622e534b4f5b9759b6f2cd643f1c1a61f666d534fe8"},
    {file = "coverage-7.6.12-cp310-cp310-macosx_11_0_arm64.whl", hash = "sha256:ad7525bf0241e5502168ae9c643a2f6c219fa0a283001cee4cf23a9b7da75879"},
    {file = "coverage-7.6.12-cp310-cp310-manylinux_2_17_aarch64.manylinux2014_aarch64.whl", hash = "sha256:06097c7abfa611c91edb9e6920264e5be1d6ceb374efb4986f38b09eed4cb2fe"},
    {file = "coverage-7.6.12-cp310-cp310-manylinux_2_5_i686.manylinux1_i686.manylinux_2_17_i686.manylinux2014_i686.whl", hash = "sha256:220fa6c0ad7d9caef57f2c8771918324563ef0d8272c94974717c3909664e674"},
    {file = "coverage-7.6.12-cp310-cp310-manylinux_2_5_x86_64.manylinux1_x86_64.manylinux_2_17_x86_64.manylinux2014_x86_64.whl", hash = "sha256:3688b99604a24492bcfe1c106278c45586eb819bf66a654d8a9a1433022fb2eb"},
    {file = "coverage-7.6.12-cp310-cp310-musllinux_1_2_aarch64.whl", hash = "sha256:d1a987778b9c71da2fc8948e6f2656da6ef68f59298b7e9786849634c35d2c3c"},
    {file = "coverage-7.6.12-cp310-cp310-musllinux_1_2_i686.whl", hash = "sha256:cec6b9ce3bd2b7853d4a4563801292bfee40b030c05a3d29555fd2a8ee9bd68c"},
    {file = "coverage-7.6.12-cp310-cp310-musllinux_1_2_x86_64.whl", hash = "sha256:ace9048de91293e467b44bce0f0381345078389814ff6e18dbac8fdbf896360e"},
    {file = "coverage-7.6.12-cp310-cp310-win32.whl", hash = "sha256:ea31689f05043d520113e0552f039603c4dd71fa4c287b64cb3606140c66f425"},
    {file = "coverage-7.6.12-cp310-cp310-win_amd64.whl", hash = "sha256:676f92141e3c5492d2a1596d52287d0d963df21bf5e55c8b03075a60e1ddf8aa"},
    {file = "coverage-7.6.12-cp311-cp311-macosx_10_9_x86_64.whl", hash = "sha256:e18aafdfb3e9ec0d261c942d35bd7c28d031c5855dadb491d2723ba54f4c3015"},
    {file = "coverage-7.6.12-cp311-cp311-macosx_11_0_arm64.whl", hash = "sha256:66fe626fd7aa5982cdebad23e49e78ef7dbb3e3c2a5960a2b53632f1f703ea45"},
    {file = "coverage-7.6.12-cp311-cp311-manylinux_2_17_aarch64.manylinux2014_aarch64.whl", hash = "sha256:0ef01d70198431719af0b1f5dcbefc557d44a190e749004042927b2a3fed0702"},
    {file = "coverage-7.6.12-cp311-cp311-manylinux_2_5_i686.manylinux1_i686.manylinux_2_17_i686.manylinux2014_i686.whl", hash = "sha256:07e92ae5a289a4bc4c0aae710c0948d3c7892e20fd3588224ebe242039573bf0"},
    {file = "coverage-7.6.12-cp311-cp311-manylinux_2_5_x86_64.manylinux1_x86_64.manylinux_2_17_x86_64.manylinux2014_x86_64.whl", hash = "sha256:e695df2c58ce526eeab11a2e915448d3eb76f75dffe338ea613c1201b33bab2f"},
    {file = "coverage-7.6.12-cp311-cp311-musllinux_1_2_aarch64.whl", hash = "sha256:d74c08e9aaef995f8c4ef6d202dbd219c318450fe2a76da624f2ebb9c8ec5d9f"},
    {file = "coverage-7.6.12-cp311-cp311-musllinux_1_2_i686.whl", hash = "sha256:e995b3b76ccedc27fe4f477b349b7d64597e53a43fc2961db9d3fbace085d69d"},
    {file = "coverage-7.6.12-cp311-cp311-musllinux_1_2_x86_64.whl", hash = "sha256:b1f097878d74fe51e1ddd1be62d8e3682748875b461232cf4b52ddc6e6db0bba"},
    {file = "coverage-7.6.12-cp311-cp311-win32.whl", hash = "sha256:1f7ffa05da41754e20512202c866d0ebfc440bba3b0ed15133070e20bf5aeb5f"},
    {file = "coverage-7.6.12-cp311-cp311-win_amd64.whl", hash = "sha256:e216c5c45f89ef8971373fd1c5d8d1164b81f7f5f06bbf23c37e7908d19e8558"},
    {file = "coverage-7.6.12-cp312-cp312-macosx_10_13_x86_64.whl", hash = "sha256:b172f8e030e8ef247b3104902cc671e20df80163b60a203653150d2fc204d1ad"},
    {file = "coverage-7.6.12-cp312-cp312-macosx_11_0_arm64.whl", hash = "sha256:641dfe0ab73deb7069fb972d4d9725bf11c239c309ce694dd50b1473c0f641c3"},
    {file = "coverage-7.6.12-cp312-cp312-manylinux_2_17_aarch64.manylinux2014_aarch64.whl", hash = "sha256:0e549f54ac5f301e8e04c569dfdb907f7be71b06b88b5063ce9d6953d2d58574"},
    {file = "coverage-7.6.12-cp312-cp312-manylinux_2_5_i686.manylinux1_i686.manylinux_2_17_i686.manylinux2014_i686.whl", hash = "sha256:959244a17184515f8c52dcb65fb662808767c0bd233c1d8a166e7cf74c9ea985"},
    {file = "coverage-7.6.12-cp312-cp312-manylinux_2_5_x86_64.manylinux1_x86_64.manylinux_2_17_x86_64.manylinux2014_x86_64.whl", hash = "sha256:bda1c5f347550c359f841d6614fb8ca42ae5cb0b74d39f8a1e204815ebe25750"},
    {file = "coverage-7.6.12-cp312-cp312-musllinux_1_2_aarch64.whl", hash = "sha256:1ceeb90c3eda1f2d8c4c578c14167dbd8c674ecd7d38e45647543f19839dd6ea"},
    {file = "coverage-7.6.12-cp312-cp312-musllinux_1_2_i686.whl", hash = "sha256:0f16f44025c06792e0fb09571ae454bcc7a3ec75eeb3c36b025eccf501b1a4c3"},
    {file = "coverage-7.6.12-cp312-cp312-musllinux_1_2_x86_64.whl", hash = "sha256:b076e625396e787448d27a411aefff867db2bffac8ed04e8f7056b07024eed5a"},
    {file = "coverage-7.6.12-cp312-cp312-win32.whl", hash = "sha256:00b2086892cf06c7c2d74983c9595dc511acca00665480b3ddff749ec4fb2a95"},
    {file = "coverage-7.6.12-cp312-cp312-win_amd64.whl", hash = "sha256:7ae6eabf519bc7871ce117fb18bf14e0e343eeb96c377667e3e5dd12095e0288"},
    {file = "coverage-7.6.12-cp313-cp313-macosx_10_13_x86_64.whl", hash = "sha256:488c27b3db0ebee97a830e6b5a3ea930c4a6e2c07f27a5e67e1b3532e76b9ef1"},
    {file = "coverage-7.6.12-cp313-cp313-macosx_11_0_arm64.whl", hash = "sha256:5d1095bbee1851269f79fd8e0c9b5544e4c00c0c24965e66d8cba2eb5bb535fd"},
    {file = "coverage-7.6.12-cp313-cp313-manylinux_2_17_aarch64.manylinux2014_aarch64.whl", hash = "sha256:0533adc29adf6a69c1baa88c3d7dbcaadcffa21afbed3ca7a225a440e4744bf9"},
    {file = "coverage-7.6.12-cp313-cp313-manylinux_2_5_i686.manylinux1_i686.manylinux_2_17_i686.manylinux2014_i686.whl", hash = "sha256:53c56358d470fa507a2b6e67a68fd002364d23c83741dbc4c2e0680d80ca227e"},
    {file = "coverage-7.6.12-cp313-cp313-manylinux_2_5_x86_64.manylinux1_x86_64.manylinux_2_17_x86_64.manylinux2014_x86_64.whl", hash = "sha256:64cbb1a3027c79ca6310bf101014614f6e6e18c226474606cf725238cf5bc2d4"},
    {file = "coverage-7.6.12-cp313-cp313-musllinux_1_2_aarch64.whl", hash = "sha256:79cac3390bfa9836bb795be377395f28410811c9066bc4eefd8015258a7578c6"},
    {file = "coverage-7.6.12-cp313-cp313-musllinux_1_2_i686.whl", hash = "sha256:9b148068e881faa26d878ff63e79650e208e95cf1c22bd3f77c3ca7b1d9821a3"},
    {file = "coverage-7.6.12-cp313-cp313-musllinux_1_2_x86_64.whl", hash = "sha256:8bec2ac5da793c2685ce5319ca9bcf4eee683b8a1679051f8e6ec04c4f2fd7dc"},
    {file = "coverage-7.6.12-cp313-cp313-win32.whl", hash = "sha256:200e10beb6ddd7c3ded322a4186313d5ca9e63e33d8fab4faa67ef46d3460af3"},
    {file = "coverage-7.6.12-cp313-cp313-win_amd64.whl", hash = "sha256:2b996819ced9f7dbb812c701485d58f261bef08f9b85304d41219b1496b591ef"},
    {file = "coverage-7.6.12-cp313-cp313t-macosx_10_13_x86_64.whl", hash = "sha256:299cf973a7abff87a30609879c10df0b3bfc33d021e1adabc29138a48888841e"},
    {file = "coverage-7.6.12-cp313-cp313t-macosx_11_0_arm64.whl", hash = "sha256:4b467a8c56974bf06e543e69ad803c6865249d7a5ccf6980457ed2bc50312703"},
    {file = "coverage-7.6.12-cp313-cp313t-manylinux_2_17_aarch64.manylinux2014_aarch64.whl", hash = "sha256:2458f275944db8129f95d91aee32c828a408481ecde3b30af31d552c2ce284a0"},
    {file = "coverage-7.6.12-cp313-cp313t-manylinux_2_5_i686.manylinux1_i686.manylinux_2_17_i686.manylinux2014_i686.whl", hash = "sha256:0a9d8be07fb0832636a0f72b80d2a652fe665e80e720301fb22b191c3434d924"},
    {file = "coverage-7.6.12-cp313-cp313t-manylinux_2_5_x86_64.manylinux1_x86_64.manylinux_2_17_x86_64.manylinux2014_x86_64.whl", hash = "sha256:14d47376a4f445e9743f6c83291e60adb1b127607a3618e3185bbc8091f0467b"},
    {file = "coverage-7.6.12-cp313-cp313t-musllinux_1_2_aarch64.whl", hash = "sha256:b95574d06aa9d2bd6e5cc35a5bbe35696342c96760b69dc4287dbd5abd4ad51d"},
    {file = "coverage-7.6.12-cp313-cp313t-musllinux_1_2_i686.whl", hash = "sha256:ecea0c38c9079570163d663c0433a9af4094a60aafdca491c6a3d248c7432827"},
    {file = "coverage-7.6.12-cp313-cp313t-musllinux_1_2_x86_64.whl", hash = "sha256:2251fabcfee0a55a8578a9d29cecfee5f2de02f11530e7d5c5a05859aa85aee9"},
    {file = "coverage-7.6.12-cp313-cp313t-win32.whl", hash = "sha256:eb5507795caabd9b2ae3f1adc95f67b1104971c22c624bb354232d65c4fc90b3"},
    {file = "coverage-7.6.12-cp313-cp313t-win_amd64.whl", hash = "sha256:f60a297c3987c6c02ffb29effc70eadcbb412fe76947d394a1091a3615948e2f"},
    {file = "coverage-7.6.12-cp39-cp39-macosx_10_9_x86_64.whl", hash = "sha256:e7575ab65ca8399c8c4f9a7d61bbd2d204c8b8e447aab9d355682205c9dd948d"},
    {file = "coverage-7.6.12-cp39-cp39-macosx_11_0_arm64.whl", hash = "sha256:8161d9fbc7e9fe2326de89cd0abb9f3599bccc1287db0aba285cb68d204ce929"},
    {file = "coverage-7.6.12-cp39-cp39-manylinux_2_17_aarch64.manylinux2014_aarch64.whl", hash = "sha256:3a1e465f398c713f1b212400b4e79a09829cd42aebd360362cd89c5bdc44eb87"},
    {file = "coverage-7.6.12-cp39-cp39-manylinux_2_5_i686.manylinux1_i686.manylinux_2_17_i686.manylinux2014_i686.whl", hash = "sha256:f25d8b92a4e31ff1bd873654ec367ae811b3a943583e05432ea29264782dc32c"},
    {file = "coverage-7.6.12-cp39-cp39-manylinux_2_5_x86_64.manylinux1_x86_64.manylinux_2_17_x86_64.manylinux2014_x86_64.whl", hash = "sha256:1a936309a65cc5ca80fa9f20a442ff9e2d06927ec9a4f54bcba9c14c066323f2"},
    {file = "coverage-7.6.12-cp39-cp39-musllinux_1_2_aarch64.whl", hash = "sha256:aa6f302a3a0b5f240ee201297fff0bbfe2fa0d415a94aeb257d8b461032389bd"},
    {file = "coverage-7.6.12-cp39-cp39-musllinux_1_2_i686.whl", hash = "sha256:f973643ef532d4f9be71dd88cf7588936685fdb576d93a79fe9f65bc337d9d73"},
    {file = "coverage-7.6.12-cp39-cp39-musllinux_1_2_x86_64.whl", hash = "sha256:78f5243bb6b1060aed6213d5107744c19f9571ec76d54c99cc15938eb69e0e86"},
    {file = "coverage-7.6.12-cp39-cp39-win32.whl", hash = "sha256:69e62c5034291c845fc4df7f8155e8544178b6c774f97a99e2734b05eb5bed31"},
    {file = "coverage-7.6.12-cp39-cp39-win_amd64.whl", hash = "sha256:b01a840ecc25dce235ae4c1b6a0daefb2a203dba0e6e980637ee9c2f6ee0df57"},
    {file = "coverage-7.6.12-pp39.pp310-none-any.whl", hash = "sha256:7e39e845c4d764208e7b8f6a21c541ade741e2c41afabdfa1caa28687a3c98cf"},
    {file = "coverage-7.6.12-py3-none-any.whl", hash = "sha256:eb8668cfbc279a536c633137deeb9435d2962caec279c3f8cf8b91fff6ff8953"},
    {file = "coverage-7.6.12.tar.gz", hash = "sha256:48cfc4641d95d34766ad41d9573cc0f22a48aa88d22657a1fe01dca0dbae4de2"},
]

[package.dependencies]
tomli = {version = "*", optional = true, markers = "python_full_version <= \"3.11.0a6\" and extra == \"toml\""}

[package.extras]
toml = ["tomli ; python_full_version <= \"3.11.0a6\""]

[[package]]
name = "exceptiongroup"
version = "1.2.2"
description = "Backport of PEP 654 (exception groups)"
optional = false
python-versions = ">=3.7"
groups = ["dev"]
markers = "python_version < \"3.11\""
files = [
    {file = "exceptiongroup-1.2.2-py3-none-any.whl", hash = "sha256:3111b9d131c238bec2f8f516e123e14ba243563fb135d3fe885990585aa7795b"},
    {file = "exceptiongroup-1.2.2.tar.gz", hash = "sha256:47c2edf7c6738fafb49fd34290706d1a1a2f4d1c6df275526b62cbb4aa5393cc"},
]

[package.extras]
test = ["pytest (>=6)"]

[[package]]
name = "iniconfig"
version = "2.0.0"
description = "brain-dead simple config-ini parsing"
optional = false
python-versions = ">=3.7"
groups = ["dev"]
files = [
    {file = "iniconfig-2.0.0-py3-none-any.whl", hash = "sha256:b6a85871a79d2e3b22d2d1b94ac2824226a63c6b741c88f7ae975f18b6778374"},
    {file = "iniconfig-2.0.0.tar.gz", hash = "sha256:2d91e135bf72d31a410b17c16da610a82cb55f6b0477d1a902134b24a455b8b3"},
]

[[package]]
name = "numpy"
version = "2.0.2"
description = "Fundamental package for array computing in Python"
optional = false
python-versions = ">=3.9"
groups = ["main"]
files = [
    {file = "numpy-2.0.2-cp310-cp310-macosx_10_9_x86_64.whl", hash = "sha256:51129a29dbe56f9ca83438b706e2e69a39892b5eda6cedcb6b0c9fdc9b0d3ece"},
    {file = "numpy-2.0.2-cp310-cp310-macosx_11_0_arm64.whl", hash = "sha256:f15975dfec0cf2239224d80e32c3170b1d168335eaedee69da84fbe9f1f9cd04"},
    {file = "numpy-2.0.2-cp310-cp310-macosx_14_0_arm64.whl", hash = "sha256:8c5713284ce4e282544c68d1c3b2c7161d38c256d2eefc93c1d683cf47683e66"},
    {file = "numpy-2.0.2-cp310-cp310-macosx_14_0_x86_64.whl", hash = "sha256:becfae3ddd30736fe1889a37f1f580e245ba79a5855bff5f2a29cb3ccc22dd7b"},
    {file = "numpy-2.0.2-cp310-cp310-manylinux_2_17_aarch64.manylinux2014_aarch64.whl", hash = "sha256:2da5960c3cf0df7eafefd806d4e612c5e19358de82cb3c343631188991566ccd"},
    {file = "numpy-2.0.2-cp310-cp310-manylinux_2_17_x86_64.manylinux2014_x86_64.whl", hash = "sha256:496f71341824ed9f3d2fd36cf3ac57ae2e0165c143b55c3a035ee219413f3318"},
    {file = "numpy-2.0.2-cp310-cp310-musllinux_1_1_x86_64.whl", hash = "sha256:a61ec659f68ae254e4d237816e33171497e978140353c0c2038d46e63282d0c8"},
    {file = "numpy-2.0.2-cp310-cp310-musllinux_1_2_aarch64.whl", hash = "sha256:d731a1c6116ba289c1e9ee714b08a8ff882944d4ad631fd411106a30f083c326"},
    {file = "numpy-2.0.2-cp310-cp310-win32.whl", hash = "sha256:984d96121c9f9616cd33fbd0618b7f08e0cfc9600a7ee1d6fd9b239186d19d97"},
    {file = "numpy-2.0.2-cp310-cp310-win_amd64.whl", hash = "sha256:c7b0be4ef08607dd04da4092faee0b86607f111d5ae68036f16cc787e250a131"},
    {file = "numpy-2.0.2-cp311-cp311-macosx_10_9_x86_64.whl", hash = "sha256:49ca4decb342d66018b01932139c0961a8f9ddc7589611158cb3c27cbcf76448"},
    {file = "numpy-2.0.2-cp311-cp311-macosx_11_0_arm64.whl", hash = "sha256:11a76c372d1d37437857280aa142086476136a8c0f373b2e648ab2c8f18fb195"},
    {file = "numpy-2.0.2-cp311-cp311-macosx_14_0_arm64.whl", hash = "sha256:807ec44583fd708a21d4a11d94aedf2f4f3c3719035c76a2bbe1fe8e217bdc57"},
    {file = "numpy-2.0.2-cp311-cp311-macosx_14_0_x86_64.whl", hash = "sha256:8cafab480740e22f8d833acefed5cc87ce276f4ece12fdaa2e8903db2f82897a"},
    {file = "numpy-2.0.2-cp311-cp311-manylinux_2_17_aarch64.manylinux2014_aarch64.whl", hash = "sha256:a15f476a45e6e5a3a79d8a14e62161d27ad897381fecfa4a09ed5322f2085669"},
    {file = "numpy-2.0.2-cp311-cp311-manylinux_2_17_x86_64.manylinux2014_x86_64.whl", hash = "sha256:13e689d772146140a252c3a28501da66dfecd77490b498b168b501835041f951"},
    {file = "numpy-2.0.2-cp311-cp311-musllinux_1_1_x86_64.whl", hash = "sha256:9ea91dfb7c3d1c56a0e55657c0afb38cf1eeae4544c208dc465c3c9f3a7c09f9"},
    {file = "numpy-2.0.2-cp311-cp311-musllinux_1_2_aarch64.whl", hash = "sha256:c1c9307701fec8f3f7a1e6711f9089c06e6284b3afbbcd259f7791282d660a15"},
    {file = "numpy-2.0.2-cp311-cp311-win32.whl", hash = "sha256:a392a68bd329eafac5817e5aefeb39038c48b671afd242710b451e76090e81f4"},
    {file = "numpy-2.0.2-cp311-cp311-win_amd64.whl", hash = "sha256:286cd40ce2b7d652a6f22efdfc6d1edf879440e53e76a75955bc0c826c7e64dc"},
    {file = "numpy-2.0.2-cp312-cp312-macosx_10_9_x86_64.whl", hash = "sha256:df55d490dea7934f330006d0f81e8551ba6010a5bf035a249ef61a94f21c500b"},
    {file = "numpy-2.0.2-cp312-cp312-macosx_11_0_arm64.whl", hash = "sha256:8df823f570d9adf0978347d1f926b2a867d5608f434a7cff7f7908c6570dcf5e"},
    {file = "numpy-2.0.2-cp312-cp312-macosx_14_0_arm64.whl", hash = "sha256:9a92ae5c14811e390f3767053ff54eaee3bf84576d99a2456391401323f4ec2c"},
    {file = "numpy-2.0.2-cp312-cp312-macosx_14_0_x86_64.whl", hash = "sha256:a842d573724391493a97a62ebbb8e731f8a5dcc5d285dfc99141ca15a3302d0c"},
    {file = "numpy-2.0.2-cp312-cp312-manylinux_2_17_aarch64.manylinux2014_aarch64.whl", hash = "sha256:c05e238064fc0610c840d1cf6a13bf63d7e391717d247f1bf0318172e759e692"},
    {file = "numpy-2.0.2-cp312-cp312-manylinux_2_17_x86_64.manylinux2014_x86_64.whl", hash = "sha256:0123ffdaa88fa4ab64835dcbde75dcdf89c453c922f18dced6e27c90d1d0ec5a"},
    {file = "numpy-2.0.2-cp312-cp312-musllinux_1_1_x86_64.whl", hash = "sha256:96a55f64139912d61de9137f11bf39a55ec8faec288c75a54f93dfd39f7eb40c"},
    {file = "numpy-2.0.2-cp312-cp312-musllinux_1_2_aarch64.whl", hash = "sha256:ec9852fb39354b5a45a80bdab5ac02dd02b15f44b3804e9f00c556bf24b4bded"},
    {file = "numpy-2.0.2-cp312-cp312-win32.whl", hash = "sha256:671bec6496f83202ed2d3c8fdc486a8fc86942f2e69ff0e986140339a63bcbe5"},
    {file = "numpy-2.0.2-cp312-cp312-win_amd64.whl", hash = "sha256:cfd41e13fdc257aa5778496b8caa5e856dc4896d4ccf01841daee1d96465467a"},
    {file = "numpy-2.0.2-cp39-cp39-macosx_10_9_x86_64.whl", hash = "sha256:9059e10581ce4093f735ed23f3b9d283b9d517ff46009ddd485f1747eb22653c"},
    {file = "numpy-2.0.2-cp39-cp39-macosx_11_0_arm64.whl", hash = "sha256:423e89b23490805d2a5a96fe40ec507407b8ee786d66f7328be214f9679df6dd"},
    {file = "numpy-2.0.2-cp39-cp39-macosx_14_0_arm64.whl", hash = "sha256:2b2955fa6f11907cf7a70dab0d0755159bca87755e831e47932367fc8f2f2d0b"},
    {file = "numpy-2.0.2-cp39-cp39-macosx_14_0_x86_64.whl", hash = "sha256:97032a27bd9d8988b9a97a8c4d2c9f2c15a81f61e2f21404d7e8ef00cb5be729"},
    {file = "numpy-2.0.2-cp39-cp39-manylinux_2_17_aarch64.manylinux2014_aarch64.whl", hash = "sha256:1e795a8be3ddbac43274f18588329c72939870a16cae810c2b73461c40718ab1"},
    {file = "numpy-2.0.2-cp39-cp39-manylinux_2_17_x86_64.manylinux2014_x86_64.whl", hash = "sha256:f26b258c385842546006213344c50655ff1555a9338e2e5e02a0756dc3e803dd"},
    {file = "numpy-2.0.2-cp39-cp39-musllinux_1_1_x86_64.whl", hash = "sha256:5fec9451a7789926bcf7c2b8d187292c9f93ea30284802a0ab3f5be8ab36865d"},
    {file = "numpy-2.0.2-cp39-cp39-musllinux_1_2_aarch64.whl", hash = "sha256:9189427407d88ff25ecf8f12469d4d39d35bee1db5d39fc5c168c6f088a6956d"},
    {file = "numpy-2.0.2-cp39-cp39-win32.whl", hash = "sha256:905d16e0c60200656500c95b6b8dca5d109e23cb24abc701d41c02d74c6b3afa"},
    {file = "numpy-2.0.2-cp39-cp39-win_amd64.whl", hash = "sha256:a3f4ab0caa7f053f6797fcd4e1e25caee367db3112ef2b6ef82d749530768c73"},
    {file = "numpy-2.0.2-pp39-pypy39_pp73-macosx_10_9_x86_64.whl", hash = "sha256:7f0a0c6f12e07fa94133c8a67404322845220c06a9e80e85999afe727f7438b8"},
    {file = "numpy-2.0.2-pp39-pypy39_pp73-macosx_14_0_x86_64.whl", hash = "sha256:312950fdd060354350ed123c0e25a71327d3711584beaef30cdaa93320c392d4"},
    {file = "numpy-2.0.2-pp39-pypy39_pp73-manylinux_2_17_x86_64.manylinux2014_x86_64.whl", hash = "sha256:26df23238872200f63518dd2aa984cfca675d82469535dc7162dc2ee52d9dd5c"},
    {file = "numpy-2.0.2-pp39-pypy39_pp73-win_amd64.whl", hash = "sha256:a46288ec55ebbd58947d31d72be2c63cbf839f0a63b49cb755022310792a3385"},
    {file = "numpy-2.0.2.tar.gz", hash = "sha256:883c987dee1880e2a864ab0dc9892292582510604156762362d9326444636e78"},
]

[[package]]
name = "packaging"
version = "24.2"
description = "Core utilities for Python packages"
optional = false
python-versions = ">=3.8"
groups = ["dev"]
files = [
    {file = "packaging-24.2-py3-none-any.whl", hash = "sha256:09abb1bccd265c01f4a3aa3f7a7db064b36514d2cba19a2f694fe6150451a759"},
    {file = "packaging-24.2.tar.gz", hash = "sha256:c228a6dc5e932d346bc5739379109d49e8853dd8223571c7c5b55260edc0b97f"},
]

[[package]]
name = "pluggy"
version = "1.5.0"
description = "plugin and hook calling mechanisms for python"
optional = false
python-versions = ">=3.8"
groups = ["dev"]
files = [
    {file = "pluggy-1.5.0-py3-none-any.whl", hash = "sha256:44e1ad92c8ca002de6377e165f3e0f1be63266ab4d554740532335b9d75ea669"},
    {file = "pluggy-1.5.0.tar.gz", hash = "sha256:2cffa88e94fdc978c4c574f15f9e59b7f4201d439195c3715ca9e2486f1d0cf1"},
]

[package.extras]
dev = ["pre-commit", "tox"]
testing = ["pytest", "pytest-benchmark"]

[[package]]
name = "pytest"
version = "8.3.4"
description = "pytest: simple powerful testing with Python"
optional = false
python-versions = ">=3.8"
groups = ["dev"]
files = [
    {file = "pytest-8.3.4-py3-none-any.whl", hash = "sha256:50e16d954148559c9a74109af1eaf0c945ba2d8f30f0a3d3335edde19788b6f6"},
    {file = "pytest-8.3.4.tar.gz", hash = "sha256:965370d062bce11e73868e0335abac31b4d3de0e82f4007408d242b4f8610761"},
]

[package.dependencies]
colorama = {version = "*", markers = "sys_platform == \"win32\""}
exceptiongroup = {version = ">=1.0.0rc8", markers = "python_version < \"3.11\""}
iniconfig = "*"
packaging = "*"
pluggy = ">=1.5,<2"
tomli = {version = ">=1", markers = "python_version < \"3.11\""}

[package.extras]
dev = ["argcomplete", "attrs (>=19.2)", "hypothesis (>=3.56)", "mock", "pygments (>=2.7.2)", "requests", "setuptools", "xmlschema"]

[[package]]
name = "pytest-cov"
version = "6.0.0"
description = "Pytest plugin for measuring coverage."
optional = false
python-versions = ">=3.9"
groups = ["dev"]
files = [
    {file = "pytest-cov-6.0.0.tar.gz", hash = "sha256:fde0b595ca248bb8e2d76f020b465f3b107c9632e6a1d1705f17834c89dcadc0"},
    {file = "pytest_cov-6.0.0-py3-none-any.whl", hash = "sha256:eee6f1b9e61008bd34975a4d5bab25801eb31898b032dd55addc93e96fcaaa35"},
]

[package.dependencies]
coverage = {version = ">=7.5", extras = ["toml"]}
pytest = ">=4.6"

[package.extras]
testing = ["fields", "hunter", "process-tests", "pytest-xdist", "virtualenv"]

[[package]]
name = "rhino3dm"
version = "8.9.0"
description = "Python library based on OpenNURBS with a RhinoCommon style"
optional = false
python-versions = "*"
groups = ["main"]
files = [
    {file = "rhino3dm-8.9.0-cp310-cp310-macosx_12_0_x86_64.whl", hash = "sha256:fcbc86d6df3c68f7dfe779d2fbed2d7ae671ccd2047d8f136b38e1ba7804583a"},
    {file = "rhino3dm-8.9.0-cp310-cp310-macosx_14_0_universal2.whl", hash = "sha256:e92daab695f46e7fac93be8409d00680d64fda7c02ce042579e46acd7d24028a"},
    {file = "rhino3dm-8.9.0-cp310-cp310-manylinux_2_27_x86_64.manylinux_2_28_x86_64.whl", hash = "sha256:24fcd3190980c32363ff61d55bfcd4bfb9bc85fb4a148733f0afa519074358a4"},
    {file = "rhino3dm-8.9.0-cp310-cp310-win_amd64.whl", hash = "sha256:23d408709f7d0613fe69886ac0476828373af206c696fbebd7ba3562f1df894d"},
    {file = "rhino3dm-8.9.0-cp311-cp311-macosx_12_0_universal2.whl", hash = "sha256:8217c2332d3509e1c6d5544c8ed556a114189da91910144bdb1711372c1f95eb"},
    {file = "rhino3dm-8.9.0-cp311-cp311-macosx_14_0_universal2.whl", hash = "sha256:11ffed476cdad061b066aefc09aea3834c2513cbd65e81591a1c91607231911e"},
    {file = "rhino3dm-8.9.0-cp311-cp311-manylinux_2_27_x86_64.manylinux_2_28_x86_64.whl", hash = "sha256:b841a07de9a8e0932f5b455c8a385e426c79abc6f3de33fac4614f8497c27453"},
    {file = "rhino3dm-8.9.0-cp311-cp311-win_amd64.whl", hash = "sha256:6a111a190b6ef3677ce33f7996f2918041ec59185f79e98b6618d4f5d06e62cc"},
    {file = "rhino3dm-8.9.0-cp312-cp312-macosx_12_0_universal2.whl", hash = "sha256:5ccd64c7358f439d51cb6d1d1caab3c15c233303a2eae6108a249a1497132c12"},
    {file = "rhino3dm-8.9.0-cp312-cp312-macosx_14_0_universal2.whl", hash = "sha256:8f73967b9bd5f597f0ebaf5ab79d98f2e8d04ebf3157c7467a9bbb3283838d04"},
    {file = "rhino3dm-8.9.0-cp312-cp312-manylinux_2_27_x86_64.manylinux_2_28_x86_64.whl", hash = "sha256:0d620623b6550f3b7eb035891ede8a37a527a3d62a71eead9e3246f6c183750d"},
    {file = "rhino3dm-8.9.0-cp312-cp312-win_amd64.whl", hash = "sha256:54bc8212060c85ed441517ee7a7f561090069555d2e12a523f5b6f5500611afb"},
    {file = "rhino3dm-8.9.0-cp37-cp37m-macosx_12_0_x86_64.whl", hash = "sha256:8caedf6b3816aef4619a351d68984db0d9cfc25b9a85cb5f5bf8d881b2e1a292"},
    {file = "rhino3dm-8.9.0-cp37-cp37m-win_amd64.whl", hash = "sha256:e6d4a310eb016689b9dcc45776e223ebd1157f4e63a4c4e4d3690f28015d2e44"},
    {file = "rhino3dm-8.9.0-cp38-cp38-macosx_12_0_x86_64.whl", hash = "sha256:7c83372c0cb566119c9d2bff788b8773de5fbe8429a9164bd82d511daeea980f"},
    {file = "rhino3dm-8.9.0-cp38-cp38-macosx_14_0_universal2.whl", hash = "sha256:8c7baad83eb6294f04e0b2dd58874bc6b7ed7e0849beb26d6b0fb7905f87b5e4"},
    {file = "rhino3dm-8.9.0-cp38-cp38-manylinux_2_27_x86_64.manylinux_2_28_x86_64.whl", hash = "sha256:f497cbaeea14840cb6373e6a04b8db8e7be3858370229cb4f794232de0bc4664"},
    {file = "rhino3dm-8.9.0-cp38-cp38-win_amd64.whl", hash = "sha256:e11c8b2f91694c62e4ffb1f3975257dc7a1ac71c98ddc8e7903fc66eb63978ce"},
    {file = "rhino3dm-8.9.0-cp39-cp39-macosx_12_0_x86_64.whl", hash = "sha256:5d30fa6ce70f610fbf6e9936bbc9d7d5c369f6d61f9ce774351074fc7c7d4dbb"},
    {file = "rhino3dm-8.9.0-cp39-cp39-macosx_14_0_universal2.whl", hash = "sha256:d947672dbed635c8d6e78f85996b669e87996409ac21d8894e6ca83c46215e39"},
    {file = "rhino3dm-8.9.0-cp39-cp39-manylinux_2_27_x86_64.manylinux_2_28_x86_64.whl", hash = "sha256:713607f7ae91a2fbf1e97d375863f210b779fae50b03553e39535f8506c681a1"},
    {file = "rhino3dm-8.9.0-cp39-cp39-win_amd64.whl", hash = "sha256:0f74b7ecdb99744074888df4318b690730b07e0e0446f4aae4e35b9eb8108c0d"},
    {file = "rhino3dm-8.9.0.tar.gz", hash = "sha256:b01e09dba55afd00d7f3dc3d52547d3c511304aa47fccfb2a0495427ead4ffb2"},
]

[[package]]
name = "ruff"
version = "0.8.6"
description = "An extremely fast Python linter and code formatter, written in Rust."
optional = false
python-versions = ">=3.7"
groups = ["dev"]
files = [
    {file = "ruff-0.8.6-py3-none-linux_armv6l.whl", hash = "sha256:defed167955d42c68b407e8f2e6f56ba52520e790aba4ca707a9c88619e580e3"},
    {file = "ruff-0.8.6-py3-none-macosx_10_12_x86_64.whl", hash = "sha256:54799ca3d67ae5e0b7a7ac234baa657a9c1784b48ec954a094da7c206e0365b1"},
    {file = "ruff-0.8.6-py3-none-macosx_11_0_arm64.whl", hash = "sha256:e88b8f6d901477c41559ba540beeb5a671e14cd29ebd5683903572f4b40a9807"},
    {file = "ruff-0.8.6-py3-none-manylinux_2_17_aarch64.manylinux2014_aarch64.whl", hash = "sha256:0509e8da430228236a18a677fcdb0c1f102dd26d5520f71f79b094963322ed25"},
    {file = "ruff-0.8.6-py3-none-manylinux_2_17_armv7l.manylinux2014_armv7l.whl", hash = "sha256:91a7ddb221779871cf226100e677b5ea38c2d54e9e2c8ed847450ebbdf99b32d"},
    {file = "ruff-0.8.6-py3-none-manylinux_2_17_i686.manylinux2014_i686.whl", hash = "sha256:248b1fb3f739d01d528cc50b35ee9c4812aa58cc5935998e776bf8ed5b251e75"},
    {file = "ruff-0.8.6-py3-none-manylinux_2_17_ppc64.manylinux2014_ppc64.whl", hash = "sha256:bc3c083c50390cf69e7e1b5a5a7303898966be973664ec0c4a4acea82c1d4315"},
    {file = "ruff-0.8.6-py3-none-manylinux_2_17_ppc64le.manylinux2014_ppc64le.whl", hash = "sha256:52d587092ab8df308635762386f45f4638badb0866355b2b86760f6d3c076188"},
    {file = "ruff-0.8.6-py3-none-manylinux_2_17_s390x.manylinux2014_s390x.whl", hash = "sha256:61323159cf21bc3897674e5adb27cd9e7700bab6b84de40d7be28c3d46dc67cf"},
    {file = "ruff-0.8.6-py3-none-manylinux_2_17_x86_64.manylinux2014_x86_64.whl", hash = "sha256:7ae4478b1471fc0c44ed52a6fb787e641a2ac58b1c1f91763bafbc2faddc5117"},
    {file = "ruff-0.8.6-py3-none-musllinux_1_2_aarch64.whl", hash = "sha256:0c000a471d519b3e6cfc9c6680025d923b4ca140ce3e4612d1a2ef58e11f11fe"},
    {file = "ruff-0.8.6-py3-none-musllinux_1_2_armv7l.whl", hash = "sha256:9257aa841e9e8d9b727423086f0fa9a86b6b420fbf4bf9e1465d1250ce8e4d8d"},
    {file = "ruff-0.8.6-py3-none-musllinux_1_2_i686.whl", hash = "sha256:45a56f61b24682f6f6709636949ae8cc82ae229d8d773b4c76c09ec83964a95a"},
    {file = "ruff-0.8.6-py3-none-musllinux_1_2_x86_64.whl", hash = "sha256:496dd38a53aa173481a7d8866bcd6451bd934d06976a2505028a50583e001b76"},
    {file = "ruff-0.8.6-py3-none-win32.whl", hash = "sha256:e169ea1b9eae61c99b257dc83b9ee6c76f89042752cb2d83486a7d6e48e8f764"},
    {file = "ruff-0.8.6-py3-none-win_amd64.whl", hash = "sha256:f1d70bef3d16fdc897ee290d7d20da3cbe4e26349f62e8a0274e7a3f4ce7a905"},
    {file = "ruff-0.8.6-py3-none-win_arm64.whl", hash = "sha256:7d7fc2377a04b6e04ffe588caad613d0c460eb2ecba4c0ccbbfe2bc973cbc162"},
    {file = "ruff-0.8.6.tar.gz", hash = "sha256:dcad24b81b62650b0eb8814f576fc65cfee8674772a6e24c9b747911801eeaa5"},
]

[[package]]
name = "shapely"
version = "2.0.7"
description = "Manipulation and analysis of geometric objects"
optional = false
python-versions = ">=3.7"
groups = ["main"]
files = [
    {file = "shapely-2.0.7-cp310-cp310-macosx_10_9_x86_64.whl", hash = "sha256:33fb10e50b16113714ae40adccf7670379e9ccf5b7a41d0002046ba2b8f0f691"},
    {file = "shapely-2.0.7-cp310-cp310-macosx_11_0_arm64.whl", hash = "sha256:f44eda8bd7a4bccb0f281264b34bf3518d8c4c9a8ffe69a1a05dabf6e8461147"},
    {file = "shapely-2.0.7-cp310-cp310-manylinux_2_17_aarch64.manylinux2014_aarch64.whl", hash = "sha256:cf6c50cd879831955ac47af9c907ce0310245f9d162e298703f82e1785e38c98"},
    {file = "shapely-2.0.7-cp310-cp310-manylinux_2_17_x86_64.manylinux2014_x86_64.whl", hash = "sha256:04a65d882456e13c8b417562c36324c0cd1e5915f3c18ad516bb32ee3f5fc895"},
    {file = "shapely-2.0.7-cp310-cp310-win32.whl", hash = "sha256:7e97104d28e60b69f9b6a957c4d3a2a893b27525bc1fc96b47b3ccef46726bf2"},
    {file = "shapely-2.0.7-cp310-cp310-win_amd64.whl", hash = "sha256:35524cc8d40ee4752520819f9894b9f28ba339a42d4922e92c99b148bed3be39"},
    {file = "shapely-2.0.7-cp311-cp311-macosx_10_9_x86_64.whl", hash = "sha256:5cf23400cb25deccf48c56a7cdda8197ae66c0e9097fcdd122ac2007e320bc34"},
    {file = "shapely-2.0.7-cp311-cp311-macosx_11_0_arm64.whl", hash = "sha256:d8f1da01c04527f7da59ee3755d8ee112cd8967c15fab9e43bba936b81e2a013"},
    {file = "shapely-2.0.7-cp311-cp311-manylinux_2_17_aarch64.manylinux2014_aarch64.whl", hash = "sha256:8f623b64bb219d62014781120f47499a7adc30cf7787e24b659e56651ceebcb0"},
    {file = "shapely-2.0.7-cp311-cp311-manylinux_2_17_x86_64.manylinux2014_x86_64.whl", hash = "sha256:e6d95703efaa64aaabf278ced641b888fc23d9c6dd71f8215091afd8a26a66e3"},
    {file = "shapely-2.0.7-cp311-cp311-win32.whl", hash = "sha256:2f6e4759cf680a0f00a54234902415f2fa5fe02f6b05546c662654001f0793a2"},
    {file = "shapely-2.0.7-cp311-cp311-win_amd64.whl", hash = "sha256:b52f3ab845d32dfd20afba86675c91919a622f4627182daec64974db9b0b4608"},
    {file = "shapely-2.0.7-cp312-cp312-macosx_10_13_x86_64.whl", hash = "sha256:4c2b9859424facbafa54f4a19b625a752ff958ab49e01bc695f254f7db1835fa"},
    {file = "shapely-2.0.7-cp312-cp312-macosx_11_0_arm64.whl", hash = "sha256:5aed1c6764f51011d69a679fdf6b57e691371ae49ebe28c3edb5486537ffbd51"},
    {file = "shapely-2.0.7-cp312-cp312-manylinux_2_17_aarch64.manylinux2014_aarch64.whl", hash = "sha256:73c9ae8cf443187d784d57202199bf9fd2d4bb7d5521fe8926ba40db1bc33e8e"},
    {file = "shapely-2.0.7-cp312-cp312-manylinux_2_17_x86_64.manylinux2014_x86_64.whl", hash = "sha256:a9469f49ff873ef566864cb3516091881f217b5d231c8164f7883990eec88b73"},
    {file = "shapely-2.0.7-cp312-cp312-win32.whl", hash = "sha256:6bca5095e86be9d4ef3cb52d56bdd66df63ff111d580855cb8546f06c3c907cd"},
    {file = "shapely-2.0.7-cp312-cp312-win_amd64.whl", hash = "sha256:f86e2c0259fe598c4532acfcf638c1f520fa77c1275912bbc958faecbf00b108"},
    {file = "shapely-2.0.7-cp313-cp313-macosx_10_13_x86_64.whl", hash = "sha256:a0c09e3e02f948631c7763b4fd3dd175bc45303a0ae04b000856dedebefe13cb"},
    {file = "shapely-2.0.7-cp313-cp313-macosx_11_0_arm64.whl", hash = "sha256:06ff6020949b44baa8fc2e5e57e0f3d09486cd5c33b47d669f847c54136e7027"},
    {file = "shapely-2.0.7-cp313-cp313-manylinux_2_17_aarch64.manylinux2014_aarch64.whl", hash = "sha256:5d6dbf096f961ca6bec5640e22e65ccdec11e676344e8157fe7d636e7904fd36"},
    {file = "shapely-2.0.7-cp313-cp313-manylinux_2_17_x86_64.manylinux2014_x86_64.whl", hash = "sha256:adeddfb1e22c20548e840403e5e0b3d9dc3daf66f05fa59f1fcf5b5f664f0e98"},
    {file = "shapely-2.0.7-cp313-cp313-win32.whl", hash = "sha256:a7f04691ce1c7ed974c2f8b34a1fe4c3c5dfe33128eae886aa32d730f1ec1913"},
    {file = "shapely-2.0.7-cp313-cp313-win_amd64.whl", hash = "sha256:aaaf5f7e6cc234c1793f2a2760da464b604584fb58c6b6d7d94144fd2692d67e"},
    {file = "shapely-2.0.7-cp37-cp37m-macosx_10_9_x86_64.whl", hash = "sha256:19cbc8808efe87a71150e785b71d8a0e614751464e21fb679d97e274eca7bd43"},
    {file = "shapely-2.0.7-cp37-cp37m-manylinux_2_17_aarch64.manylinux2014_aarch64.whl", hash = "sha256:fc19b78cc966db195024d8011649b4e22812f805dd49264323980715ab80accc"},
    {file = "shapely-2.0.7-cp37-cp37m-manylinux_2_17_x86_64.manylinux2014_x86_64.whl", hash = "sha256:dd37d65519b3f8ed8976fa4302a2827cbb96e0a461a2e504db583b08a22f0b98"},
    {file = "shapely-2.0.7-cp37-cp37m-win32.whl", hash = "sha256:25085a30a2462cee4e850a6e3fb37431cbbe4ad51cbcc163af0cea1eaa9eb96d"},
    {file = "shapely-2.0.7-cp37-cp37m-win_amd64.whl", hash = "sha256:1a2e03277128e62f9a49a58eb7eb813fa9b343925fca5e7d631d50f4c0e8e0b8"},
    {file = "shapely-2.0.7-cp38-cp38-macosx_10_9_x86_64.whl", hash = "sha256:e1c4f1071fe9c09af077a69b6c75f17feb473caeea0c3579b3e94834efcbdc36"},
    {file = "shapely-2.0.7-cp38-cp38-macosx_11_0_arm64.whl", hash = "sha256:3697bd078b4459f5a1781015854ef5ea5d824dbf95282d0b60bfad6ff83ec8dc"},
    {file = "shapely-2.0.7-cp38-cp38-manylinux_2_17_aarch64.manylinux2014_aarch64.whl", hash = "sha256:1e9fed9a7d6451979d914cb6ebbb218b4b4e77c0d50da23e23d8327948662611"},
    {file = "shapely-2.0.7-cp38-cp38-manylinux_2_17_x86_64.manylinux2014_x86_64.whl", hash = "sha256:2934834c7f417aeb7cba3b0d9b4441a76ebcecf9ea6e80b455c33c7c62d96a24"},
    {file = "shapely-2.0.7-cp38-cp38-win32.whl", hash = "sha256:2e4a1749ad64bc6e7668c8f2f9479029f079991f4ae3cb9e6b25440e35a4b532"},
    {file = "shapely-2.0.7-cp38-cp38-win_amd64.whl", hash = "sha256:8ae5cb6b645ac3fba34ad84b32fbdccb2ab321facb461954925bde807a0d3b74"},
    {file = "shapely-2.0.7-cp39-cp39-macosx_10_9_x86_64.whl", hash = "sha256:4abeb44b3b946236e4e1a1b3d2a0987fb4d8a63bfb3fdefb8a19d142b72001e5"},
    {file = "shapely-2.0.7-cp39-cp39-macosx_11_0_arm64.whl", hash = "sha256:cd0e75d9124b73e06a42bf1615ad3d7d805f66871aa94538c3a9b7871d620013"},
    {file = "shapely-2.0.7-cp39-cp39-manylinux_2_17_aarch64.manylinux2014_aarch64.whl", hash = "sha256:7977d8a39c4cf0e06247cd2dca695ad4e020b81981d4c82152c996346cf1094b"},
    {file = "shapely-2.0.7-cp39-cp39-manylinux_2_17_x86_64.manylinux2014_x86_64.whl", hash = "sha256:0145387565fcf8f7c028b073c802956431308da933ef41d08b1693de49990d27"},
    {file = "shapely-2.0.7-cp39-cp39-win32.whl", hash = "sha256:98697c842d5c221408ba8aa573d4f49caef4831e9bc6b6e785ce38aca42d1999"},
    {file = "shapely-2.0.7-cp39-cp39-win_amd64.whl", hash = "sha256:a3fb7fbae257e1b042f440289ee7235d03f433ea880e73e687f108d044b24db5"},
    {file = "shapely-2.0.7.tar.gz", hash = "sha256:28fe2997aab9a9dc026dc6a355d04e85841546b2a5d232ed953e3321ab958ee5"},
]

[package.dependencies]
numpy = ">=1.14,<3"

[package.extras]
docs = ["matplotlib", "numpydoc (==1.1.*)", "sphinx", "sphinx-book-theme", "sphinx-remove-toctrees"]
test = ["pytest", "pytest-cov"]

[[package]]
name = "tomli"
version = "2.2.1"
description = "A lil' TOML parser"
optional = false
python-versions = ">=3.8"
groups = ["dev"]
markers = "python_full_version <= \"3.11.0a6\""
files = [
    {file = "tomli-2.2.1-cp311-cp311-macosx_10_9_x86_64.whl", hash = "sha256:678e4fa69e4575eb77d103de3df8a895e1591b48e740211bd1067378c69e8249"},
    {file = "tomli-2.2.1-cp311-cp311-macosx_11_0_arm64.whl", hash = "sha256:023aa114dd824ade0100497eb2318602af309e5a55595f76b626d6d9f3b7b0a6"},
    {file = "tomli-2.2.1-cp311-cp311-manylinux_2_17_aarch64.manylinux2014_aarch64.whl", hash = "sha256:ece47d672db52ac607a3d9599a9d48dcb2f2f735c6c2d1f34130085bb12b112a"},
    {file = "tomli-2.2.1-cp311-cp311-manylinux_2_17_x86_64.manylinux2014_x86_64.whl", hash = "sha256:6972ca9c9cc9f0acaa56a8ca1ff51e7af152a9f87fb64623e31d5c83700080ee"},
    {file = "tomli-2.2.1-cp311-cp311-manylinux_2_5_i686.manylinux1_i686.manylinux_2_17_i686.manylinux2014_i686.whl", hash = "sha256:c954d2250168d28797dd4e3ac5cf812a406cd5a92674ee4c8f123c889786aa8e"},
    {file = "tomli-2.2.1-cp311-cp311-musllinux_1_2_aarch64.whl", hash = "sha256:8dd28b3e155b80f4d54beb40a441d366adcfe740969820caf156c019fb5c7ec4"},
    {file = "tomli-2.2.1-cp311-cp311-musllinux_1_2_i686.whl", hash = "sha256:e59e304978767a54663af13c07b3d1af22ddee3bb2fb0618ca1593e4f593a106"},
    {file = "tomli-2.2.1-cp311-cp311-musllinux_1_2_x86_64.whl", hash = "sha256:33580bccab0338d00994d7f16f4c4ec25b776af3ffaac1ed74e0b3fc95e885a8"},
    {file = "tomli-2.2.1-cp311-cp311-win32.whl", hash = "sha256:465af0e0875402f1d226519c9904f37254b3045fc5084697cefb9bdde1ff99ff"},
    {file = "tomli-2.2.1-cp311-cp311-win_amd64.whl", hash = "sha256:2d0f2fdd22b02c6d81637a3c95f8cd77f995846af7414c5c4b8d0545afa1bc4b"},
    {file = "tomli-2.2.1-cp312-cp312-macosx_10_13_x86_64.whl", hash = "sha256:4a8f6e44de52d5e6c657c9fe83b562f5f4256d8ebbfe4ff922c495620a7f6cea"},
    {file = "tomli-2.2.1-cp312-cp312-macosx_11_0_arm64.whl", hash = "sha256:8d57ca8095a641b8237d5b079147646153d22552f1c637fd3ba7f4b0b29167a8"},
    {file = "tomli-2.2.1-cp312-cp312-manylinux_2_17_aarch64.manylinux2014_aarch64.whl", hash = "sha256:4e340144ad7ae1533cb897d406382b4b6fede8890a03738ff1683af800d54192"},
    {file = "tomli-2.2.1-cp312-cp312-manylinux_2_17_x86_64.manylinux2014_x86_64.whl", hash = "sha256:db2b95f9de79181805df90bedc5a5ab4c165e6ec3fe99f970d0e302f384ad222"},
    {file = "tomli-2.2.1-cp312-cp312-manylinux_2_5_i686.manylinux1_i686.manylinux_2_17_i686.manylinux2014_i686.whl", hash = "sha256:40741994320b232529c802f8bc86da4e1aa9f413db394617b9a256ae0f9a7f77"},
    {file = "tomli-2.2.1-cp312-cp312-musllinux_1_2_aarch64.whl", hash = "sha256:400e720fe168c0f8521520190686ef8ef033fb19fc493da09779e592861b78c6"},
    {file = "tomli-2.2.1-cp312-cp312-musllinux_1_2_i686.whl", hash = "sha256:02abe224de6ae62c19f090f68da4e27b10af2b93213d36cf44e6e1c5abd19fdd"},
    {file = "tomli-2.2.1-cp312-cp312-musllinux_1_2_x86_64.whl", hash = "sha256:b82ebccc8c8a36f2094e969560a1b836758481f3dc360ce9a3277c65f374285e"},
    {file = "tomli-2.2.1-cp312-cp312-win32.whl", hash = "sha256:889f80ef92701b9dbb224e49ec87c645ce5df3fa2cc548664eb8a25e03127a98"},
    {file = "tomli-2.2.1-cp312-cp312-win_amd64.whl", hash = "sha256:7fc04e92e1d624a4a63c76474610238576942d6b8950a2d7f908a340494e67e4"},
    {file = "tomli-2.2.1-cp313-cp313-macosx_10_13_x86_64.whl", hash = "sha256:f4039b9cbc3048b2416cc57ab3bda989a6fcf9b36cf8937f01a6e731b64f80d7"},
    {file = "tomli-2.2.1-cp313-cp313-macosx_11_0_arm64.whl", hash = "sha256:286f0ca2ffeeb5b9bd4fcc8d6c330534323ec51b2f52da063b11c502da16f30c"},
    {file = "tomli-2.2.1-cp313-cp313-manylinux_2_17_aarch64.manylinux2014_aarch64.whl", hash = "sha256:a92ef1a44547e894e2a17d24e7557a5e85a9e1d0048b0b5e7541f76c5032cb13"},
    {file = "tomli-2.2.1-cp313-cp313-manylinux_2_17_x86_64.manylinux2014_x86_64.whl", hash = "sha256:9316dc65bed1684c9a98ee68759ceaed29d229e985297003e494aa825ebb0281"},
    {file = "tomli-2.2.1-cp313-cp313-manylinux_2_5_i686.manylinux1_i686.manylinux_2_17_i686.manylinux2014_i686.whl", hash = "sha256:e85e99945e688e32d5a35c1ff38ed0b3f41f43fad8df0bdf79f72b2ba7bc5272"},
    {file = "tomli-2.2.1-cp313-cp313-musllinux_1_2_aarch64.whl", hash = "sha256:ac065718db92ca818f8d6141b5f66369833d4a80a9d74435a268c52bdfa73140"},
    {file = "tomli-2.2.1-cp313-cp313-musllinux_1_2_i686.whl", hash = "sha256:d920f33822747519673ee656a4b6ac33e382eca9d331c87770faa3eef562aeb2"},
    {file = "tomli-2.2.1-cp313-cp313-musllinux_1_2_x86_64.whl", hash = "sha256:a198f10c4d1b1375d7687bc25294306e551bf1abfa4eace6650070a5c1ae2744"},
    {file = "tomli-2.2.1-cp313-cp313-win32.whl", hash = "sha256:d3f5614314d758649ab2ab3a62d4f2004c825922f9e370b29416484086b264ec"},
    {file = "tomli-2.2.1-cp313-cp313-win_amd64.whl", hash = "sha256:a38aa0308e754b0e3c67e344754dff64999ff9b513e691d0e786265c93583c69"},
    {file = "tomli-2.2.1-py3-none-any.whl", hash = "sha256:cb55c73c5f4408779d0cf3eef9f762b9c9f147a77de7b258bef0a5628adc85cc"},
    {file = "tomli-2.2.1.tar.gz", hash = "sha256:cd45e1dc79c835ce60f7404ec8119f2eb06d38b1deba146f07ced3bbc44505ff"},
]

[metadata]
lock-version = "2.1"
python-versions = "^3.9"
content-hash = "3f77f68e882ed3ad0dada3a505f47bf55672dda2c26767273946d36d0704cf5a"
